
Microsoft Visual Studio Solution File, Format Version 12.00
# Visual Studio 15
Project("{FAE04EC0-301F-11D3-BF4B-00C04F79EFBC}") = "crosstales", "crosstales.csproj", "{D2BF56FF-E804-5958-F972-043863BB3AEF}"
EndProject
Project("{FAE04EC0-301F-11D3-BF4B-00C04F79EFBC}") = "SteamVR", "SteamVR.csproj", "{6C3268D1-76E3-80B4-A6D0-FD85CE95FF8F}"
EndProject
Project("{FAE04EC0-301F-11D3-BF4B-00C04F79EFBC}") = "Assembly-CSharp-firstpass", "Assembly-CSharp-firstpass.csproj", "{C97D0030-13A2-F9A9-4659-A50DCB4CED48}"
EndProject
Project("{FAE04EC0-301F-11D3-BF4B-00C04F79EFBC}") = "Assembly-CSharp", "Assembly-CSharp.csproj", "{894579F4-F025-DA5C-34FB-F9F19DCE5021}"
EndProject
Project("{FAE04EC0-301F-11D3-BF4B-00C04F79EFBC}") = "SteamVR_Actions", "SteamVR_Actions.csproj", "{BAA34EDA-E328-5396-8546-D8A70877B142}"
EndProject
Project("{FAE04EC0-301F-11D3-BF4B-00C04F79EFBC}") = "SteamVR_Editor", "SteamVR_Editor.csproj", "{E28BFCB3-C877-4FC7-83D1-C7E2C21BC79E}"
EndProject
Project("{FAE04EC0-301F-11D3-BF4B-00C04F79EFBC}") = "SteamVR_Input_Editor", "SteamVR_Input_Editor.csproj", "{264E4C3F-529F-A32E-C312-06A14BB69CA4}"
EndProject
Project("{FAE04EC0-301F-11D3-BF4B-00C04F79EFBC}") = "SteamVR_Windows_EditorHelper", "SteamVR_Windows_EditorHelper.csproj", "{3A63402C-ECBF-E8F8-2A2C-A04CFE15C34B}"
EndProject
Global
	GlobalSection(SolutionConfigurationPlatforms) = preSolution
		Debug|Any CPU = Debug|Any CPU
		Release|Any CPU = Release|Any CPU
	EndGlobalSection
	GlobalSection(ProjectConfigurationPlatforms) = postSolution
		{D2BF56FF-E804-5958-F972-043863BB3AEF}.Debug|Any CPU.ActiveCfg = Debug|Any CPU
		{D2BF56FF-E804-5958-F972-043863BB3AEF}.Debug|Any CPU.Build.0 = Debug|Any CPU
		{D2BF56FF-E804-5958-F972-043863BB3AEF}.Release|Any CPU.ActiveCfg = Release|Any CPU
		{D2BF56FF-E804-5958-F972-043863BB3AEF}.Release|Any CPU.Build.0 = Release|Any CPU
		{6C3268D1-76E3-80B4-A6D0-FD85CE95FF8F}.Debug|Any CPU.ActiveCfg = Debug|Any CPU
		{6C3268D1-76E3-80B4-A6D0-FD85CE95FF8F}.Debug|Any CPU.Build.0 = Debug|Any CPU
		{6C3268D1-76E3-80B4-A6D0-FD85CE95FF8F}.Release|Any CPU.ActiveCfg = Release|Any CPU
		{6C3268D1-76E3-80B4-A6D0-FD85CE95FF8F}.Release|Any CPU.Build.0 = Release|Any CPU
		{C97D0030-13A2-F9A9-4659-A50DCB4CED48}.Debug|Any CPU.ActiveCfg = Debug|Any CPU
		{C97D0030-13A2-F9A9-4659-A50DCB4CED48}.Debug|Any CPU.Build.0 = Debug|Any CPU
		{C97D0030-13A2-F9A9-4659-A50DCB4CED48}.Release|Any CPU.ActiveCfg = Release|Any CPU
		{C97D0030-13A2-F9A9-4659-A50DCB4CED48}.Release|Any CPU.Build.0 = Release|Any CPU
		{894579F4-F025-DA5C-34FB-F9F19DCE5021}.Debug|Any CPU.ActiveCfg = Debug|Any CPU
		{894579F4-F025-DA5C-34FB-F9F19DCE5021}.Debug|Any CPU.Build.0 = Debug|Any CPU
		{894579F4-F025-DA5C-34FB-F9F19DCE5021}.Release|Any CPU.ActiveCfg = Release|Any CPU
		{894579F4-F025-DA5C-34FB-F9F19DCE5021}.Release|Any CPU.Build.0 = Release|Any CPU
		{BAA34EDA-E328-5396-8546-D8A70877B142}.Debug|Any CPU.ActiveCfg = Debug|Any CPU
		{BAA34EDA-E328-5396-8546-D8A70877B142}.Debug|Any CPU.Build.0 = Debug|Any CPU
		{BAA34EDA-E328-5396-8546-D8A70877B142}.Release|Any CPU.ActiveCfg = Release|Any CPU
		{BAA34EDA-E328-5396-8546-D8A70877B142}.Release|Any CPU.Build.0 = Release|Any CPU
		{E28BFCB3-C877-4FC7-83D1-C7E2C21BC79E}.Debug|Any CPU.ActiveCfg = Debug|Any CPU
		{E28BFCB3-C877-4FC7-83D1-C7E2C21BC79E}.Debug|Any CPU.Build.0 = Debug|Any CPU
		{E28BFCB3-C877-4FC7-83D1-C7E2C21BC79E}.Release|Any CPU.ActiveCfg = Release|Any CPU
		{E28BFCB3-C877-4FC7-83D1-C7E2C21BC79E}.Release|Any CPU.Build.0 = Release|Any CPU
		{264E4C3F-529F-A32E-C312-06A14BB69CA4}.Debug|Any CPU.ActiveCfg = Debug|Any CPU
		{264E4C3F-529F-A32E-C312-06A14BB69CA4}.Debug|Any CPU.Build.0 = Debug|Any CPU
		{264E4C3F-529F-A32E-C312-06A14BB69CA4}.Release|Any CPU.ActiveCfg = Release|Any CPU
		{264E4C3F-529F-A32E-C312-06A14BB69CA4}.Release|Any CPU.Build.0 = Release|Any CPU
		{3A63402C-ECBF-E8F8-2A2C-A04CFE15C34B}.Debug|Any CPU.ActiveCfg = Debug|Any CPU
		{3A63402C-ECBF-E8F8-2A2C-A04CFE15C34B}.Debug|Any CPU.Build.0 = Debug|Any CPU
		{3A63402C-ECBF-E8F8-2A2C-A04CFE15C34B}.Release|Any CPU.ActiveCfg = Release|Any CPU
		{3A63402C-ECBF-E8F8-2A2C-A04CFE15C34B}.Release|Any CPU.Build.0 = Release|Any CPU
	EndGlobalSection
	GlobalSection(SolutionProperties) = preSolution
		HideSolutionNode = FALSE
	EndGlobalSection
EndGlobal
